
Microsoft Visual Studio Solution File, Format Version 12.00
# Visual Studio Version 17
VisualStudioVersion = 17.14.36811.4 d17.14
MinimumVisualStudioVersion = 10.0.40219.1
Project("{FAE04EC0-301F-11D3-BF4B-00C04F79EFBC}") = "VectorEditor", "VectorEditor\VectorEditor.csproj", "{35A0B4D0-59AD-474E-8EE6-83F1381E0258}"
EndProject
Global
	GlobalSection(SolutionConfigurationPlatforms) = preSolution
		Debug|Any CPU = Debug|Any CPU
		Release|Any CPU = Release|Any CPU
	EndGlobalSection
	GlobalSection(ProjectConfigurationPlatforms) = postSolution
		{35A0B4D0-59AD-474E-8EE6-83F1381E0258}.Debug|Any CPU.ActiveCfg = Debug|Any CPU
		{35A0B4D0-59AD-474E-8EE6-83F1381E0258}.Debug|Any CPU.Build.0 = Debug|Any CPU
		{35A0B4D0-59AD-474E-8EE6-83F1381E0258}.Release|Any CPU.ActiveCfg = Release|Any CPU
		{35A0B4D0-59AD-474E-8EE6-83F1381E0258}.Release|Any CPU.Build.0 = Release|Any CPU
	EndGlobalSection
	GlobalSection(SolutionProperties) = preSolution
		HideSolutionNode = FALSE
	EndGlobalSection
	GlobalSection(ExtensibilityGlobals) = postSolution
		SolutionGuid = {A160AB30-DC22-4B5E-B9E0-47BC6BA82E0F}
	EndGlobalSection
EndGlobal
